# This file is automatically @generated by Cargo.
# It is not intended for manual editing.
version = 3

[[package]]
name = "qtv-crypto"
version = "0.3.0"
source = "git+https://github.com/Quantova/Q-Crypto.git?rev=367547487c9ce07ca36293864308c117865a02ea#367547487c9ce07ca36293864308c117865a02ea"

[[package]]
name = "qtv-stark"
version = "0.1.0"
source = "git+https://github.com/Quantova/q-prover.git?rev=91bb6e7e611b5e3fce58e9a02a26bbe60a2f056c#91bb6e7e611b5e3fce58e9a02a26bbe60a2f056c"
dependencies = [
 "qtv-crypto",
]

[[package]]
name = "qtv-vrf"
version = "0.1.0"
dependencies = [
 "qtv-crypto",
 "qtv-stark",
]
